{
  "name": "ytmp3",
  "version": "1.1.0",
  "lockfileVersion": 3,
  "requires": true,
  "packages": {
    "": {
      "name": "ytmp3",
      "version": "1.1.0",
      "license": "MIT",
      "bin": {
        "ytmp3": "ytmp3.js"
      },
      "engines": {
        "node": ">=14.0.0"
      }
    }
  }
}
